
Microsoft Visual Studio Solution File, Format Version 12.00
# Visual Studio Express 14 for Web
VisualStudioVersion = 14.0.23107.0
MinimumVisualStudioVersion = 10.0.40219.1
Project("{FAE04EC0-301F-11D3-BF4B-00C04F79EFBC}") = "CS.LojaVirtual.Domain", "CS.LojaVirtual.Domain\CS.LojaVirtual.Domain.csproj", "{6960DE61-9284-4EC2-84B7-B0C4A1CC35D5}"
EndProject
Project("{FAE04EC0-301F-11D3-BF4B-00C04F79EFBC}") = "CS.LojaVirtual.Web", "CS.LojaVirtual.Web\CS.LojaVirtual.Web.csproj", "{A426C994-8070-49BD-BA39-0076BF32B567}"
EndProject
Project("{FAE04EC0-301F-11D3-BF4B-00C04F79EFBC}") = "CS.LojaVirutal.UnitTest", "CS.LojaVirutal.UnitTest\CS.LojaVirutal.UnitTest.csproj", "{7E974114-6DE2-43DD-B1E0-FF775765BE2E}"
EndProject
Global
	GlobalSection(SolutionConfigurationPlatforms) = preSolution
		Debug|Any CPU = Debug|Any CPU
		Release|Any CPU = Release|Any CPU
	EndGlobalSection
	GlobalSection(ProjectConfigurationPlatforms) = postSolution
		{6960DE61-9284-4EC2-84B7-B0C4A1CC35D5}.Debug|Any CPU.ActiveCfg = Debug|Any CPU
		{6960DE61-9284-4EC2-84B7-B0C4A1CC35D5}.Debug|Any CPU.Build.0 = Debug|Any CPU
		{6960DE61-9284-4EC2-84B7-B0C4A1CC35D5}.Release|Any CPU.ActiveCfg = Release|Any CPU
		{6960DE61-9284-4EC2-84B7-B0C4A1CC35D5}.Release|Any CPU.Build.0 = Release|Any CPU
		{A426C994-8070-49BD-BA39-0076BF32B567}.Debug|Any CPU.ActiveCfg = Debug|Any CPU
		{A426C994-8070-49BD-BA39-0076BF32B567}.Debug|Any CPU.Build.0 = Debug|Any CPU
		{A426C994-8070-49BD-BA39-0076BF32B567}.Release|Any CPU.ActiveCfg = Release|Any CPU
		{A426C994-8070-49BD-BA39-0076BF32B567}.Release|Any CPU.Build.0 = Release|Any CPU
		{7E974114-6DE2-43DD-B1E0-FF775765BE2E}.Debug|Any CPU.ActiveCfg = Debug|Any CPU
		{7E974114-6DE2-43DD-B1E0-FF775765BE2E}.Debug|Any CPU.Build.0 = Debug|Any CPU
		{7E974114-6DE2-43DD-B1E0-FF775765BE2E}.Release|Any CPU.ActiveCfg = Release|Any CPU
		{7E974114-6DE2-43DD-B1E0-FF775765BE2E}.Release|Any CPU.Build.0 = Release|Any CPU
	EndGlobalSection
	GlobalSection(SolutionProperties) = preSolution
		HideSolutionNode = FALSE
	EndGlobalSection
EndGlobal
